
Microsoft Visual Studio Solution File, Format Version 12.00
# Visual Studio 15
Project("{FAE04EC0-301F-11D3-BF4B-00C04F79EFBC}") = "Assembly-CSharp", "Assembly-CSharp.csproj", "{BCA84020-1F38-7148-5146-76DD8C7612E1}"
EndProject
Global
	GlobalSection(SolutionConfigurationPlatforms) = preSolution
		Debug|Any CPU = Debug|Any CPU
		Release|Any CPU = Release|Any CPU
	EndGlobalSection
	GlobalSection(ProjectConfigurationPlatforms) = postSolution
		{BCA84020-1F38-7148-5146-76DD8C7612E1}.Debug|Any CPU.ActiveCfg = Debug|Any CPU
		{BCA84020-1F38-7148-5146-76DD8C7612E1}.Debug|Any CPU.Build.0 = Debug|Any CPU
		{BCA84020-1F38-7148-5146-76DD8C7612E1}.Release|Any CPU.ActiveCfg = Release|Any CPU
		{BCA84020-1F38-7148-5146-76DD8C7612E1}.Release|Any CPU.Build.0 = Release|Any CPU
	EndGlobalSection
	GlobalSection(SolutionProperties) = preSolution
		HideSolutionNode = FALSE
	EndGlobalSection
EndGlobal
